lockfileVersion: "9.0"

settings:
  autoInstallPeers: true
  excludeLinksFromLockfile: false

importers:
  .:
    dependencies:
      "@actions/core":
        specifier: ^1.9.1
        version: 1.11.1
      "@octokit/core":
        specifier: ^4.0.4
        version: 4.2.4
      commander:
        specifier: ^9.4.0
        version: 9.5.0
      graphql:
        specifier: ^16.8.1
        version: 16.12.0
      graphql-request:
        specifier: ^5.0.0
        version: 5.2.0(graphql@16.12.0)
      node-fetch:
        specifier: ^2.6.7
        version: 2.7.0
      octokit:
        specifier: ^4.1.1
        version: 4.1.4

packages:
  "@actions/core@1.11.1":
    resolution:
      {
        integrity: sha512-hXJCSrkwfA46Vd9Z3q4cpEpHB1rL5NG04+/rbqW9d3+CSvtB1tYe8UTpAlixa1vj0m/ULglfEK2UKxMGxCxv5A==,
      }

  "@actions/exec@1.1.1":
    resolution:
      {
        integrity: sha512-+sCcHHbVdk93a0XT19ECtO/gIXoxvdsgQLzb2fE2/5sIZmWQuluYyjPQtrtTHdU1YzTZ7bAPN4sITq2xi1679w==,
      }

  "@actions/http-client@2.2.3":
    resolution:
      {
        integrity: sha512-mx8hyJi/hjFvbPokCg4uRd4ZX78t+YyRPtnKWwIl+RzNaVuFpQHfmlGVfsKEJN8LwTCvL+DfVgAM04XaHkm6bA==,
      }

  "@actions/io@1.1.3":
    resolution:
      {
        integrity: sha512-wi9JjgKLYS7U/z8PPbco+PvTb/nRWjeoFlJ1Qer83k/3C5PHQi28hiVdeE2kHXmIL99mQFawx8qt/JPjZilJ8Q==,
      }

  "@fastify/busboy@2.1.1":
    resolution:
      {
        integrity: sha512-vBZP4NlzfOlerQTnba4aqZoMhE/a9HY7HRqoOPaETQcSQuWEIyZMHGfVu6w9wGtGK5fED5qRs2DteVCjOH60sA==,
      }
    engines: { node: ">=14" }

  "@graphql-typed-document-node/core@3.2.0":
    resolution:
      {
        integrity: sha512-mB9oAsNCm9aM3/SOv4YtBMqZbYj10R7dkq8byBqxGY/ncFwhf2oQzMV+LCRlWoDSEBJ3COiR1yeDvMtsoOsuFQ==,
      }
    peerDependencies:
      graphql: ^0.8.0 || ^0.9.0 || ^0.10.0 || ^0.11.0 || ^0.12.0 || ^0.13.0 || ^14.0.0 || ^15.0.0 || ^16.0.0 || ^17.0.0

  "@octokit/app@15.1.6":
    resolution:
      {
        integrity: sha512-WELCamoCJo9SN0lf3SWZccf68CF0sBNPQuLYmZ/n87p5qvBJDe9aBtr5dHkh7T9nxWZ608pizwsUbypSzZAiUw==,
      }
    engines: { node: ">= 18" }

  "@octokit/auth-app@7.2.2":
    resolution:
      {
        integrity: sha512-p6hJtEyQDCJEPN9ijjhEC/kpFHMHN4Gca9r+8S0S8EJi7NaWftaEmexjxxpT1DFBeJpN4u/5RE22ArnyypupJw==,
      }
    engines: { node: ">= 18" }

  "@octokit/auth-oauth-app@8.1.4":
    resolution:
      {
        integrity: sha512-71iBa5SflSXcclk/OL3lJzdt4iFs56OJdpBGEBl1wULp7C58uiswZLV6TdRaiAzHP1LT8ezpbHlKuxADb+4NkQ==,
      }
    engines: { node: ">= 18" }

  "@octokit/auth-oauth-device@7.1.5":
    resolution:
      {
        integrity: sha512-lR00+k7+N6xeECj0JuXeULQ2TSBB/zjTAmNF2+vyGPDEFx1dgk1hTDmL13MjbSmzusuAmuJD8Pu39rjp9jH6yw==,
      }
    engines: { node: ">= 18" }

  "@octokit/auth-oauth-user@5.1.6":
    resolution:
      {
        integrity: sha512-/R8vgeoulp7rJs+wfJ2LtXEVC7pjQTIqDab7wPKwVG6+2v/lUnCOub6vaHmysQBbb45FknM3tbHW8TOVqYHxCw==,
      }
    engines: { node: ">= 18" }

  "@octokit/auth-token@3.0.4":
    resolution:
      {
        integrity: sha512-TWFX7cZF2LXoCvdmJWY7XVPi74aSY0+FfBZNSXEXFkMpjcqsQwDSYVv5FhRFaI0V1ECnwbz4j59T/G+rXNWaIQ==,
      }
    engines: { node: ">= 14" }

  "@octokit/auth-token@5.1.2":
    resolution:
      {
        integrity: sha512-JcQDsBdg49Yky2w2ld20IHAlwr8d/d8N6NiOXbtuoPCqzbsiJgF633mVUw3x4mo0H5ypataQIX7SFu3yy44Mpw==,
      }
    engines: { node: ">= 18" }

  "@octokit/auth-unauthenticated@6.1.3":
    resolution:
      {
        integrity: sha512-d5gWJla3WdSl1yjbfMpET+hUSFCE15qM0KVSB0H1shyuJihf/RL1KqWoZMIaonHvlNojkL9XtLFp8QeLe+1iwA==,
      }
    engines: { node: ">= 18" }

  "@octokit/core@4.2.4":
    resolution:
      {
        integrity: sha512-rYKilwgzQ7/imScn3M9/pFfUf4I1AZEH3KhyJmtPdE2zfaXAn2mFfUy4FbKewzc2We5y/LlKLj36fWJLKC2SIQ==,
      }
    engines: { node: ">= 14" }

  "@octokit/core@6.1.6":
    resolution:
      {
        integrity: sha512-kIU8SLQkYWGp3pVKiYzA5OSaNF5EE03P/R8zEmmrG6XwOg5oBjXyQVVIauQ0dgau4zYhpZEhJrvIYt6oM+zZZA==,
      }
    engines: { node: ">= 18" }

  "@octokit/endpoint@10.1.4":
    resolution:
      {
        integrity: sha512-OlYOlZIsfEVZm5HCSR8aSg02T2lbUWOsCQoPKfTXJwDzcHQBrVBGdGXb89dv2Kw2ToZaRtudp8O3ZIYoaOjKlA==,
      }
    engines: { node: ">= 18" }

  "@octokit/endpoint@7.0.6":
    resolution:
      {
        integrity: sha512-5L4fseVRUsDFGR00tMWD/Trdeeihn999rTMGRMC1G/Ldi1uWlWJzI98H4Iak5DB/RVvQuyMYKqSK/R6mbSOQyg==,
      }
    engines: { node: ">= 14" }

  "@octokit/graphql@5.0.6":
    resolution:
      {
        integrity: sha512-Fxyxdy/JH0MnIB5h+UQ3yCoh1FG4kWXfFKkpWqjZHw/p+Kc8Y44Hu/kCgNBT6nU1shNumEchmW/sUO1JuQnPcw==,
      }
    engines: { node: ">= 14" }

  "@octokit/graphql@8.2.2":
    resolution:
      {
        integrity: sha512-Yi8hcoqsrXGdt0yObxbebHXFOiUA+2v3n53epuOg1QUgOB6c4XzvisBNVXJSl8RYA5KrDuSL2yq9Qmqe5N0ryA==,
      }
    engines: { node: ">= 18" }

  "@octokit/oauth-app@7.1.6":
    resolution:
      {
        integrity: sha512-OMcMzY2WFARg80oJNFwWbY51TBUfLH4JGTy119cqiDawSFXSIBujxmpXiKbGWQlvfn0CxE6f7/+c6+Kr5hI2YA==,
      }
    engines: { node: ">= 18" }

  "@octokit/oauth-authorization-url@7.1.1":
    resolution:
      {
        integrity: sha512-ooXV8GBSabSWyhLUowlMIVd9l1s2nsOGQdlP2SQ4LnkEsGXzeCvbSbCPdZThXhEFzleGPwbapT0Sb+YhXRyjCA==,
      }
    engines: { node: ">= 18" }

  "@octokit/oauth-methods@5.1.5":
    resolution:
      {
        integrity: sha512-Ev7K8bkYrYLhoOSZGVAGsLEscZQyq7XQONCBBAl2JdMg7IT3PQn/y8P0KjloPoYpI5UylqYrLeUcScaYWXwDvw==,
      }
    engines: { node: ">= 18" }

  "@octokit/openapi-types@18.1.1":
    resolution:
      {
        integrity: sha512-VRaeH8nCDtF5aXWnjPuEMIYf1itK/s3JYyJcWFJT8X9pSNnBtriDf7wlEWsGuhPLl4QIH4xM8fqTXDwJ3Mu6sw==,
      }

  "@octokit/openapi-types@25.1.0":
    resolution:
      {
        integrity: sha512-idsIggNXUKkk0+BExUn1dQ92sfysJrje03Q0bv0e+KPLrvyqZF8MnBpFz8UNfYDwB3Ie7Z0TByjWfzxt7vseaA==,
      }

  "@octokit/openapi-webhooks-types@11.0.0":
    resolution:
      {
        integrity: sha512-ZBzCFj98v3SuRM7oBas6BHZMJRadlnDoeFfvm1olVxZnYeU6Vh97FhPxyS5aLh5pN51GYv2I51l/hVUAVkGBlA==,
      }

  "@octokit/plugin-paginate-graphql@5.2.4":
    resolution:
      {
        integrity: sha512-pLZES1jWaOynXKHOqdnwZ5ULeVR6tVVCMm+AUbp0htdcyXDU95WbkYdU4R2ej1wKj5Tu94Mee2Ne0PjPO9cCyA==,
      }
    engines: { node: ">= 18" }
    peerDependencies:
      "@octokit/core": ">=6"

  "@octokit/plugin-paginate-rest@12.0.0":
    resolution:
      {
        integrity: sha512-MPd6WK1VtZ52lFrgZ0R2FlaoiWllzgqFHaSZxvp72NmoDeZ0m8GeJdg4oB6ctqMTYyrnDYp592Xma21mrgiyDA==,
      }
    engines: { node: ">= 18" }
    peerDependencies:
      "@octokit/core": ">=6"

  "@octokit/plugin-rest-endpoint-methods@14.0.0":
    resolution:
      {
        integrity: sha512-iQt6ovem4b7zZYZQtdv+PwgbL5VPq37th1m2x2TdkgimIDJpsi2A6Q/OI/23i/hR6z5mL0EgisNR4dcbmckSZQ==,
      }
    engines: { node: ">= 18" }
    peerDependencies:
      "@octokit/core": ">=6"

  "@octokit/plugin-retry@7.2.1":
    resolution:
      {
        integrity: sha512-wUc3gv0D6vNHpGxSaR3FlqJpTXGWgqmk607N9L3LvPL4QjaxDgX/1nY2mGpT37Khn+nlIXdljczkRnNdTTV3/A==,
      }
    engines: { node: ">= 18" }
    peerDependencies:
      "@octokit/core": ">=6"

  "@octokit/plugin-throttling@10.0.0":
    resolution:
      {
        integrity: sha512-Kuq5/qs0DVYTHZuBAzCZStCzo2nKvVRo/TDNhCcpC2TKiOGz/DisXMCvjt3/b5kr6SCI1Y8eeeJTHBxxpFvZEg==,
      }
    engines: { node: ">= 18" }
    peerDependencies:
      "@octokit/core": ^6.1.3

  "@octokit/request-error@3.0.3":
    resolution:
      {
        integrity: sha512-crqw3V5Iy2uOU5Np+8M/YexTlT8zxCfI+qu+LxUB7SZpje4Qmx3mub5DfEKSO8Ylyk0aogi6TYdf6kxzh2BguQ==,
      }
    engines: { node: ">= 14" }

  "@octokit/request-error@6.1.8":
    resolution:
      {
        integrity: sha512-WEi/R0Jmq+IJKydWlKDmryPcmdYSVjL3ekaiEL1L9eo1sUnqMJ+grqmC9cjk7CA7+b2/T397tO5d8YLOH3qYpQ==,
      }
    engines: { node: ">= 18" }

  "@octokit/request@6.2.8":
    resolution:
      {
        integrity: sha512-ow4+pkVQ+6XVVsekSYBzJC0VTVvh/FCTUUgTsboGq+DTeWdyIFV8WSCdo0RIxk6wSkBTHqIK1mYuY7nOBXOchw==,
      }
    engines: { node: ">= 14" }

  "@octokit/request@9.2.4":
    resolution:
      {
        integrity: sha512-q8ybdytBmxa6KogWlNa818r0k1wlqzNC+yNkcQDECHvQo8Vmstrg18JwqJHdJdUiHD2sjlwBgSm9kHkOKe2iyA==,
      }
    engines: { node: ">= 18" }

  "@octokit/types@14.1.0":
    resolution:
      {
        integrity: sha512-1y6DgTy8Jomcpu33N+p5w58l6xyt55Ar2I91RPiIA0xCJBXyUAhXCcmZaDWSANiha7R9a6qJJ2CRomGPZ6f46g==,
      }

  "@octokit/types@9.3.2":
    resolution:
      {
        integrity: sha512-D4iHGTdAnEEVsB8fl95m1hiz7D5YiRdQ9b/OEb3BYRVwbLsGHcRVPz+u+BgRLNk0Q0/4iZCBqDN96j2XNxfXrA==,
      }

  "@octokit/webhooks-methods@5.1.1":
    resolution:
      {
        integrity: sha512-NGlEHZDseJTCj8TMMFehzwa9g7On4KJMPVHDSrHxCQumL6uSQR8wIkP/qesv52fXqV1BPf4pTxwtS31ldAt9Xg==,
      }
    engines: { node: ">= 18" }

  "@octokit/webhooks@13.9.1":
    resolution:
      {
        integrity: sha512-Nss2b4Jyn4wB3EAqAPJypGuCJFalz/ZujKBQQ5934To7Xw9xjf4hkr/EAByxQY7hp7MKd790bWGz7XYSTsHmaw==,
      }
    engines: { node: ">= 18" }

  "@types/aws-lambda@8.10.160":
    resolution:
      {
        integrity: sha512-uoO4QVQNWFPJMh26pXtmtrRfGshPUSpMZGUyUQY20FhfHEElEBOPKgVmFs1z+kbpyBsRs2JnoOPT7++Z4GA9pA==,
      }

  asynckit@0.4.0:
    resolution:
      {
        integrity: sha512-Oei9OH4tRh0YqU3GxhX79dM/mwVgvbZJaSNaRk+bshkj0S5cfHcgYakreBjrHwatXKbz+IoIdYLxrKim2MjW0Q==,
      }

  before-after-hook@2.2.3:
    resolution:
      {
        integrity: sha512-NzUnlZexiaH/46WDhANlyR2bXRopNg4F/zuSA3OpZnllCUgRaOF2znDioDWrmbNVsuZk6l9pMquQB38cfBZwkQ==,
      }

  before-after-hook@3.0.2:
    resolution:
      {
        integrity: sha512-Nik3Sc0ncrMK4UUdXQmAnRtzmNQTAAXmXIopizwZ1W1t8QmfJj+zL4OA2I7XPTPW5z5TDqv4hRo/JzouDJnX3A==,
      }

  bottleneck@2.19.5:
    resolution:
      {
        integrity: sha512-VHiNCbI1lKdl44tGrhNfU3lup0Tj/ZBMJB5/2ZbNXRCPuRCO7ed2mgcK4r17y+KB2EfuYuRaVlwNbAeaWGSpbw==,
      }

  call-bind-apply-helpers@1.0.2:
    resolution:
      {
        integrity: sha512-Sp1ablJ0ivDkSzjcaJdxEunN5/XvksFJ2sMBFfq6x0ryhQV/2b/KwFe21cMpmHtPOSij8K99/wSfoEuTObmuMQ==,
      }
    engines: { node: ">= 0.4" }

  combined-stream@1.0.8:
    resolution:
      {
        integrity: sha512-FQN4MRfuJeHf7cBbBMJFXhKSDq+2kAArBlmRBvcvFE5BB1HZKXtSFASDhdlz9zOYwxh8lDdnvmMOe/+5cdoEdg==,
      }
    engines: { node: ">= 0.8" }

  commander@9.5.0:
    resolution:
      {
        integrity: sha512-KRs7WVDKg86PWiuAqhDrAQnTXZKraVcCc6vFdL14qrZ/DcWwuRo7VoiYXalXO7S5GKpqYiVEwCbgFDfxNHKJBQ==,
      }
    engines: { node: ^12.20.0 || >=14 }

  cross-fetch@3.2.0:
    resolution:
      {
        integrity: sha512-Q+xVJLoGOeIMXZmbUK4HYk+69cQH6LudR0Vu/pRm2YlU/hDV9CiS0gKUMaWY5f2NeUH9C1nV3bsTlCo0FsTV1Q==,
      }

  delayed-stream@1.0.0:
    resolution:
      {
        integrity: sha512-ZySD7Nf91aLB0RxL4KGrKHBXl7Eds1DAmEdcoVawXnLD7SDhpNgtuII2aAkg7a7QS41jxPSZ17p4VdGnMHk3MQ==,
      }
    engines: { node: ">=0.4.0" }

  deprecation@2.3.1:
    resolution:
      {
        integrity: sha512-xmHIy4F3scKVwMsQ4WnVaS8bHOx0DmVwRywosKhaILI0ywMDWPtBSku2HNxRvF7jtwDRsoEwYQSfbxj8b7RlJQ==,
      }

  dunder-proto@1.0.1:
    resolution:
      {
        integrity: sha512-KIN/nDJBQRcXw0MLVhZE9iQHmG68qAVIBg9CqmUYjmQIhgij9U5MFvrqkUL5FbtyyzZuOeOt0zdeRe4UY7ct+A==,
      }
    engines: { node: ">= 0.4" }

  es-define-property@1.0.1:
    resolution:
      {
        integrity: sha512-e3nRfgfUZ4rNGL232gUgX06QNyyez04KdjFrF+LTRoOXmrOgFKDg4BCdsjW8EnT69eqdYGmRpJwiPVYNrCaW3g==,
      }
    engines: { node: ">= 0.4" }

  es-errors@1.3.0:
    resolution:
      {
        integrity: sha512-Zf5H2Kxt2xjTvbJvP2ZWLEICxA6j+hAmMzIlypy4xcBg1vKVnx89Wy0GbS+kf5cwCVFFzdCFh2XSCFNULS6csw==,
      }
    engines: { node: ">= 0.4" }

  es-object-atoms@1.1.1:
    resolution:
      {
        integrity: sha512-FGgH2h8zKNim9ljj7dankFPcICIK9Cp5bm+c2gQSYePhpaG5+esrLODihIorn+Pe6FGJzWhXQotPv73jTaldXA==,
      }
    engines: { node: ">= 0.4" }

  es-set-tostringtag@2.1.0:
    resolution:
      {
        integrity: sha512-j6vWzfrGVfyXxge+O0x5sh6cvxAog0a/4Rdd2K36zCMV5eJ+/+tOAngRO8cODMNWbVRdVlmGZQL2YS3yR8bIUA==,
      }
    engines: { node: ">= 0.4" }

  extract-files@9.0.0:
    resolution:
      {
        integrity: sha512-CvdFfHkC95B4bBBk36hcEmvdR2awOdhhVUYH6S/zrVj3477zven/fJMYg7121h4T1xHZC+tetUpubpAhxwI7hQ==,
      }
    engines: { node: ^10.17.0 || ^12.0.0 || >= 13.7.0 }

  fast-content-type-parse@2.0.1:
    resolution:
      {
        integrity: sha512-nGqtvLrj5w0naR6tDPfB4cUmYCqouzyQiz6C5y/LtcDllJdrcc6WaWW6iXyIIOErTa/XRybj28aasdn4LkVk6Q==,
      }

  form-data@3.0.4:
    resolution:
      {
        integrity: sha512-f0cRzm6dkyVYV3nPoooP8XlccPQukegwhAnpoLcXy+X+A8KfpGOoXwDr9FLZd3wzgLaBGQBE3lY93Zm/i1JvIQ==,
      }
    engines: { node: ">= 6" }

  function-bind@1.1.2:
    resolution:
      {
        integrity: sha512-7XHNxH7qX9xG5mIwxkhumTox/MIRNcOgDrxWsMt2pAr23WHp6MrRlN7FBSFpCpr+oVO0F744iUgR82nJMfG2SA==,
      }

  get-intrinsic@1.3.0:
    resolution:
      {
        integrity: sha512-9fSjSaos/fRIVIp+xSJlE6lfwhES7LNtKaCBIamHsjr2na1BiABJPo0mOjjz8GJDURarmCPGqaiVg5mfjb98CQ==,
      }
    engines: { node: ">= 0.4" }

  get-proto@1.0.1:
    resolution:
      {
        integrity: sha512-sTSfBjoXBp89JvIKIefqw7U2CCebsc74kiY6awiGogKtoSGbgjYE/G/+l9sF3MWFPNc9IcoOC4ODfKHfxFmp0g==,
      }
    engines: { node: ">= 0.4" }

  gopd@1.2.0:
    resolution:
      {
        integrity: sha512-ZUKRh6/kUFoAiTAtTYPZJ3hw9wNxx+BIBOijnlG9PnrJsCcSjs1wyyD6vJpaYtgnzDrKYRSqf3OO6Rfa93xsRg==,
      }
    engines: { node: ">= 0.4" }

  graphql-request@5.2.0:
    resolution:
      {
        integrity: sha512-pLhKIvnMyBERL0dtFI3medKqWOz/RhHdcgbZ+hMMIb32mEPa5MJSzS4AuXxfI4sRAu6JVVk5tvXuGfCWl9JYWQ==,
      }
    peerDependencies:
      graphql: 14 - 16

  graphql@16.12.0:
    resolution:
      {
        integrity: sha512-DKKrynuQRne0PNpEbzuEdHlYOMksHSUI8Zc9Unei5gTsMNA2/vMpoMz/yKba50pejK56qj98qM0SjYxAKi13gQ==,
      }
    engines: { node: ^12.22.0 || ^14.16.0 || ^16.0.0 || >=17.0.0 }

  has-symbols@1.1.0:
    resolution:
      {
        integrity: sha512-1cDNdwJ2Jaohmb3sg4OmKaMBwuC48sYni5HUw2DvsC8LjGTLK9h+eb1X6RyuOHe4hT0ULCW68iomhjUoKUqlPQ==,
      }
    engines: { node: ">= 0.4" }

  has-tostringtag@1.0.2:
    resolution:
      {
        integrity: sha512-NqADB8VjPFLM2V0VvHUewwwsw0ZWBaIdgo+ieHtK3hasLz4qeCRjYcqfB6AQrBggRKppKF8L52/VqdVsO47Dlw==,
      }
    engines: { node: ">= 0.4" }

  hasown@2.0.2:
    resolution:
      {
        integrity: sha512-0hJU9SCPvmMzIBdZFqNPXWa6dqh7WdH0cII9y+CyS8rG3nL48Bclra9HmKhVVUHyPWNH5Y7xDwAB7bfgSjkUMQ==,
      }
    engines: { node: ">= 0.4" }

  is-plain-object@5.0.0:
    resolution:
      {
        integrity: sha512-VRSzKkbMm5jMDoKLbltAkFQ5Qr7VDiTFGXxYFXXowVj387GeGNOCsOH6Msy00SGZ3Fp84b1Naa1psqgcCIEP5Q==,
      }
    engines: { node: ">=0.10.0" }

  math-intrinsics@1.1.0:
    resolution:
      {
        integrity: sha512-/IXtbwEk5HTPyEwyKX6hGkYXxM9nbj64B+ilVJnC/R6B0pH5G4V3b0pVbL7DBj4tkhBAppbQUlf6F6Xl9LHu1g==,
      }
    engines: { node: ">= 0.4" }

  mime-db@1.52.0:
    resolution:
      {
        integrity: sha512-sPU4uV7dYlvtWJxwwxHD0PuihVNiE7TyAbQ5SWxDCB9mUYvOgroQOwYQQOKPJ8CIbE+1ETVlOoK1UC2nU3gYvg==,
      }
    engines: { node: ">= 0.6" }

  mime-types@2.1.35:
    resolution:
      {
        integrity: sha512-ZDY+bPm5zTTF+YpCrAU9nK0UgICYPT0QtT1NZWFv4s++TNkcgVaT0g6+4R2uI4MjQjzysHB1zxuWL50hzaeXiw==,
      }
    engines: { node: ">= 0.6" }

  node-fetch@2.7.0:
    resolution:
      {
        integrity: sha512-c4FRfUm/dbcWZ7U+1Wq0AwCyFL+3nt2bEw05wfxSz+DWpWsitgmSgYmy2dQdWyKC1694ELPqMs/YzUSNozLt8A==,
      }
    engines: { node: 4.x || >=6.0.0 }
    peerDependencies:
      encoding: ^0.1.0
    peerDependenciesMeta:
      encoding:
        optional: true

  octokit@4.1.4:
    resolution:
      {
        integrity: sha512-cRvxRte6FU3vAHRC9+PMSY3D+mRAs2Rd9emMoqp70UGRvJRM3sbAoim2IXRZNNsf8wVfn4sGxVBHRAP+JBVX/g==,
      }
    engines: { node: ">= 18" }

  once@1.4.0:
    resolution:
      {
        integrity: sha512-lNaJgI+2Q5URQBkccEKHTQOPaXdUxnZZElQTZY0MFUAuaEqe1E+Nyvgdz/aIyNi6Z9MzO5dv1H8n58/GELp3+w==,
      }

  toad-cache@3.7.0:
    resolution:
      {
        integrity: sha512-/m8M+2BJUpoJdgAHoG+baCwBT+tf2VraSfkBgl0Y00qIWt41DJ8R5B8nsEw0I58YwF5IZH6z24/2TobDKnqSWw==,
      }
    engines: { node: ">=12" }

  tr46@0.0.3:
    resolution:
      {
        integrity: sha512-N3WMsuqV66lT30CrXNbEjx4GEwlow3v6rr4mCcv6prnfwhS01rkgyFdjPNBYd9br7LpXV1+Emh01fHnq2Gdgrw==,
      }

  tunnel@0.0.6:
    resolution:
      {
        integrity: sha512-1h/Lnq9yajKY2PEbBadPXj3VxsDDu844OnaAo52UVmIzIvwwtBPIuNvkjuzBlTWpfJyUbG3ez0KSBibQkj4ojg==,
      }
    engines: { node: ">=0.6.11 <=0.7.0 || >=0.7.3" }

  undici@5.29.0:
    resolution:
      {
        integrity: sha512-raqeBD6NQK4SkWhQzeYKd1KmIG6dllBOTt55Rmkt4HtI9mwdWtJljnrXjAFUBLTSN67HWrOIZ3EPF4kjUw80Bg==,
      }
    engines: { node: ">=14.0" }

  universal-github-app-jwt@2.2.2:
    resolution:
      {
        integrity: sha512-dcmbeSrOdTnsjGjUfAlqNDJrhxXizjAz94ija9Qw8YkZ1uu0d+GoZzyH+Jb9tIIqvGsadUfwg+22k5aDqqwzbw==,
      }

  universal-user-agent@6.0.1:
    resolution:
      {
        integrity: sha512-yCzhz6FN2wU1NiiQRogkTQszlQSlpWaw8SvVegAc+bDxbzHgh1vX8uIe8OYyMH6DwH+sdTJsgMl36+mSMdRJIQ==,
      }

  universal-user-agent@7.0.3:
    resolution:
      {
        integrity: sha512-TmnEAEAsBJVZM/AADELsK76llnwcf9vMKuPz8JflO1frO8Lchitr0fNaN9d+Ap0BjKtqWqd/J17qeDnXh8CL2A==,
      }

  webidl-conversions@3.0.1:
    resolution:
      {
        integrity: sha512-2JAn3z8AR6rjK8Sm8orRC0h/bcl/DqL7tRPdGZ4I1CjdF+EaMLmYxBHyXuKL849eucPFhvBoxMsflfOb8kxaeQ==,
      }

  whatwg-url@5.0.0:
    resolution:
      {
        integrity: sha512-saE57nupxk6v3HY35+jzBwYa0rKSy0XR8JSxZPwgLr7ys0IBzhGviA1/TUGJLmSVqs8pb9AnvICXEuOHLprYTw==,
      }

  wrappy@1.0.2:
    resolution:
      {
        integrity: sha512-l4Sp/DRseor9wL6EvV2+TuQn63dMkPjZ/sp9XkghTEbV9KlPS1xUsZ3u7/IQO4wxtcFB4bgpQPRcR3QCvezPcQ==,
      }

snapshots:
  "@actions/core@1.11.1":
    dependencies:
      "@actions/exec": 1.1.1
      "@actions/http-client": 2.2.3

  "@actions/exec@1.1.1":
    dependencies:
      "@actions/io": 1.1.3

  "@actions/http-client@2.2.3":
    dependencies:
      tunnel: 0.0.6
      undici: 5.29.0

  "@actions/io@1.1.3": {}

  "@fastify/busboy@2.1.1": {}

  "@graphql-typed-document-node/core@3.2.0(graphql@16.12.0)":
    dependencies:
      graphql: 16.12.0

  "@octokit/app@15.1.6":
    dependencies:
      "@octokit/auth-app": 7.2.2
      "@octokit/auth-unauthenticated": 6.1.3
      "@octokit/core": 6.1.6
      "@octokit/oauth-app": 7.1.6
      "@octokit/plugin-paginate-rest": 12.0.0(@octokit/core@6.1.6)
      "@octokit/types": 14.1.0
      "@octokit/webhooks": 13.9.1

  "@octokit/auth-app@7.2.2":
    dependencies:
      "@octokit/auth-oauth-app": 8.1.4
      "@octokit/auth-oauth-user": 5.1.6
      "@octokit/request": 9.2.4
      "@octokit/request-error": 6.1.8
      "@octokit/types": 14.1.0
      toad-cache: 3.7.0
      universal-github-app-jwt: 2.2.2
      universal-user-agent: 7.0.3

  "@octokit/auth-oauth-app@8.1.4":
    dependencies:
      "@octokit/auth-oauth-device": 7.1.5
      "@octokit/auth-oauth-user": 5.1.6
      "@octokit/request": 9.2.4
      "@octokit/types": 14.1.0
      universal-user-agent: 7.0.3

  "@octokit/auth-oauth-device@7.1.5":
    dependencies:
      "@octokit/oauth-methods": 5.1.5
      "@octokit/request": 9.2.4
      "@octokit/types": 14.1.0
      universal-user-agent: 7.0.3

  "@octokit/auth-oauth-user@5.1.6":
    dependencies:
      "@octokit/auth-oauth-device": 7.1.5
      "@octokit/oauth-methods": 5.1.5
      "@octokit/request": 9.2.4
      "@octokit/types": 14.1.0
      universal-user-agent: 7.0.3

  "@octokit/auth-token@3.0.4": {}

  "@octokit/auth-token@5.1.2": {}

  "@octokit/auth-unauthenticated@6.1.3":
    dependencies:
      "@octokit/request-error": 6.1.8
      "@octokit/types": 14.1.0

  "@octokit/core@4.2.4":
    dependencies:
      "@octokit/auth-token": 3.0.4
      "@octokit/graphql": 5.0.6
      "@octokit/request": 6.2.8
      "@octokit/request-error": 3.0.3
      "@octokit/types": 9.3.2
      before-after-hook: 2.2.3
      universal-user-agent: 6.0.1
    transitivePeerDependencies:
      - encoding

  "@octokit/core@6.1.6":
    dependencies:
      "@octokit/auth-token": 5.1.2
      "@octokit/graphql": 8.2.2
      "@octokit/request": 9.2.4
      "@octokit/request-error": 6.1.8
      "@octokit/types": 14.1.0
      before-after-hook: 3.0.2
      universal-user-agent: 7.0.3

  "@octokit/endpoint@10.1.4":
    dependencies:
      "@octokit/types": 14.1.0
      universal-user-agent: 7.0.3

  "@octokit/endpoint@7.0.6":
    dependencies:
      "@octokit/types": 9.3.2
      is-plain-object: 5.0.0
      universal-user-agent: 6.0.1

  "@octokit/graphql@5.0.6":
    dependencies:
      "@octokit/request": 6.2.8
      "@octokit/types": 9.3.2
      universal-user-agent: 6.0.1
    transitivePeerDependencies:
      - encoding

  "@octokit/graphql@8.2.2":
    dependencies:
      "@octokit/request": 9.2.4
      "@octokit/types": 14.1.0
      universal-user-agent: 7.0.3

  "@octokit/oauth-app@7.1.6":
    dependencies:
      "@octokit/auth-oauth-app": 8.1.4
      "@octokit/auth-oauth-user": 5.1.6
      "@octokit/auth-unauthenticated": 6.1.3
      "@octokit/core": 6.1.6
      "@octokit/oauth-authorization-url": 7.1.1
      "@octokit/oauth-methods": 5.1.5
      "@types/aws-lambda": 8.10.160
      universal-user-agent: 7.0.3

  "@octokit/oauth-authorization-url@7.1.1": {}

  "@octokit/oauth-methods@5.1.5":
    dependencies:
      "@octokit/oauth-authorization-url": 7.1.1
      "@octokit/request": 9.2.4
      "@octokit/request-error": 6.1.8
      "@octokit/types": 14.1.0

  "@octokit/openapi-types@18.1.1": {}

  "@octokit/openapi-types@25.1.0": {}

  "@octokit/openapi-webhooks-types@11.0.0": {}

  "@octokit/plugin-paginate-graphql@5.2.4(@octokit/core@6.1.6)":
    dependencies:
      "@octokit/core": 6.1.6

  "@octokit/plugin-paginate-rest@12.0.0(@octokit/core@6.1.6)":
    dependencies:
      "@octokit/core": 6.1.6
      "@octokit/types": 14.1.0

  "@octokit/plugin-rest-endpoint-methods@14.0.0(@octokit/core@6.1.6)":
    dependencies:
      "@octokit/core": 6.1.6
      "@octokit/types": 14.1.0

  "@octokit/plugin-retry@7.2.1(@octokit/core@6.1.6)":
    dependencies:
      "@octokit/core": 6.1.6
      "@octokit/request-error": 6.1.8
      "@octokit/types": 14.1.0
      bottleneck: 2.19.5

  "@octokit/plugin-throttling@10.0.0(@octokit/core@6.1.6)":
    dependencies:
      "@octokit/core": 6.1.6
      "@octokit/types": 14.1.0
      bottleneck: 2.19.5

  "@octokit/request-error@3.0.3":
    dependencies:
      "@octokit/types": 9.3.2
      deprecation: 2.3.1
      once: 1.4.0

  "@octokit/request-error@6.1.8":
    dependencies:
      "@octokit/types": 14.1.0

  "@octokit/request@6.2.8":
    dependencies:
      "@octokit/endpoint": 7.0.6
      "@octokit/request-error": 3.0.3
      "@octokit/types": 9.3.2
      is-plain-object: 5.0.0
      node-fetch: 2.7.0
      universal-user-agent: 6.0.1
    transitivePeerDependencies:
      - encoding

  "@octokit/request@9.2.4":
    dependencies:
      "@octokit/endpoint": 10.1.4
      "@octokit/request-error": 6.1.8
      "@octokit/types": 14.1.0
      fast-content-type-parse: 2.0.1
      universal-user-agent: 7.0.3

  "@octokit/types@14.1.0":
    dependencies:
      "@octokit/openapi-types": 25.1.0

  "@octokit/types@9.3.2":
    dependencies:
      "@octokit/openapi-types": 18.1.1

  "@octokit/webhooks-methods@5.1.1": {}

  "@octokit/webhooks@13.9.1":
    dependencies:
      "@octokit/openapi-webhooks-types": 11.0.0
      "@octokit/request-error": 6.1.8
      "@octokit/webhooks-methods": 5.1.1

  "@types/aws-lambda@8.10.160": {}

  asynckit@0.4.0: {}

  before-after-hook@2.2.3: {}

  before-after-hook@3.0.2: {}

  bottleneck@2.19.5: {}

  call-bind-apply-helpers@1.0.2:
    dependencies:
      es-errors: 1.3.0
      function-bind: 1.1.2

  combined-stream@1.0.8:
    dependencies:
      delayed-stream: 1.0.0

  commander@9.5.0: {}

  cross-fetch@3.2.0:
    dependencies:
      node-fetch: 2.7.0
    transitivePeerDependencies:
      - encoding

  delayed-stream@1.0.0: {}

  deprecation@2.3.1: {}

  dunder-proto@1.0.1:
    dependencies:
      call-bind-apply-helpers: 1.0.2
      es-errors: 1.3.0
      gopd: 1.2.0

  es-define-property@1.0.1: {}

  es-errors@1.3.0: {}

  es-object-atoms@1.1.1:
    dependencies:
      es-errors: 1.3.0

  es-set-tostringtag@2.1.0:
    dependencies:
      es-errors: 1.3.0
      get-intrinsic: 1.3.0
      has-tostringtag: 1.0.2
      hasown: 2.0.2

  extract-files@9.0.0: {}

  fast-content-type-parse@2.0.1: {}

  form-data@3.0.4:
    dependencies:
      asynckit: 0.4.0
      combined-stream: 1.0.8
      es-set-tostringtag: 2.1.0
      hasown: 2.0.2
      mime-types: 2.1.35

  function-bind@1.1.2: {}

  get-intrinsic@1.3.0:
    dependencies:
      call-bind-apply-helpers: 1.0.2
      es-define-property: 1.0.1
      es-errors: 1.3.0
      es-object-atoms: 1.1.1
      function-bind: 1.1.2
      get-proto: 1.0.1
      gopd: 1.2.0
      has-symbols: 1.1.0
      hasown: 2.0.2
      math-intrinsics: 1.1.0

  get-proto@1.0.1:
    dependencies:
      dunder-proto: 1.0.1
      es-object-atoms: 1.1.1

  gopd@1.2.0: {}

  graphql-request@5.2.0(graphql@16.12.0):
    dependencies:
      "@graphql-typed-document-node/core": 3.2.0(graphql@16.12.0)
      cross-fetch: 3.2.0
      extract-files: 9.0.0
      form-data: 3.0.4
      graphql: 16.12.0
    transitivePeerDependencies:
      - encoding

  graphql@16.12.0: {}

  has-symbols@1.1.0: {}

  has-tostringtag@1.0.2:
    dependencies:
      has-symbols: 1.1.0

  hasown@2.0.2:
    dependencies:
      function-bind: 1.1.2

  is-plain-object@5.0.0: {}

  math-intrinsics@1.1.0: {}

  mime-db@1.52.0: {}

  mime-types@2.1.35:
    dependencies:
      mime-db: 1.52.0

  node-fetch@2.7.0:
    dependencies:
      whatwg-url: 5.0.0

  octokit@4.1.4:
    dependencies:
      "@octokit/app": 15.1.6
      "@octokit/core": 6.1.6
      "@octokit/oauth-app": 7.1.6
      "@octokit/plugin-paginate-graphql": 5.2.4(@octokit/core@6.1.6)
      "@octokit/plugin-paginate-rest": 12.0.0(@octokit/core@6.1.6)
      "@octokit/plugin-rest-endpoint-methods": 14.0.0(@octokit/core@6.1.6)
      "@octokit/plugin-retry": 7.2.1(@octokit/core@6.1.6)
      "@octokit/plugin-throttling": 10.0.0(@octokit/core@6.1.6)
      "@octokit/request-error": 6.1.8
      "@octokit/types": 14.1.0
      "@octokit/webhooks": 13.9.1

  once@1.4.0:
    dependencies:
      wrappy: 1.0.2

  toad-cache@3.7.0: {}

  tr46@0.0.3: {}

  tunnel@0.0.6: {}

  undici@5.29.0:
    dependencies:
      "@fastify/busboy": 2.1.1

  universal-github-app-jwt@2.2.2: {}

  universal-user-agent@6.0.1: {}

  universal-user-agent@7.0.3: {}

  webidl-conversions@3.0.1: {}

  whatwg-url@5.0.0:
    dependencies:
      tr46: 0.0.3
      webidl-conversions: 3.0.1

  wrappy@1.0.2: {}
