        "@apollo/client": "^3.13.9",
        "apollo-upload-client": "^18.0.1",
        "@types/apollo-upload-client": "^18.0.0",
      "version": "3.13.9",
      "resolved": "https://registry.npmjs.org/@apollo/client/-/client-3.13.9.tgz",
      "integrity": "sha512-RStSzQfL1XwL6/NWd7W8avhGQYTgPCtJ+qHkkTTSj9Upp3VVm6Oppv81YWdXG1FgEpDPW4hvCrTUELdcC4inCQ==",
      "license": "MIT",
      "dependencies": {
        "@graphql-typed-document-node/core": "^3.1.1",
        "@wry/caches": "^1.0.0",
        "@wry/equality": "^0.5.6",
        "@wry/trie": "^0.5.0",
        "graphql-tag": "^2.12.6",
        "optimism": "^0.18.0",
        "rehackt": "^0.1.0",
        "ts-invariant": "^0.10.3",
        "zen-observable-ts": "^1.2.5"
        "graphql": "^15.0.0 || ^16.0.0",
        "graphql-ws": "^5.5.5 || ^6.0.3",
        "react": "^16.8.0 || ^17.0.0 || ^18.0.0 || >=19.0.0-rc",
        "react-dom": "^16.8.0 || ^17.0.0 || ^18.0.0 || >=19.0.0-rc",
        "graphql-ws": {
          "optional": true
        },
        "react-dom": {
          "optional": true
        },
      "version": "18.0.0",
      "resolved": "https://registry.npmjs.org/@types/apollo-upload-client/-/apollo-upload-client-18.0.0.tgz",
      "integrity": "sha512-cMgITNemktxasqvp6jiPj15dv84n3FTMvMoYBP1+xonDS+0l6JygIJrj2LJh85rShRzTOOkrElrAsCXXARa3KA==",
      "license": "MIT",
        "@apollo/client": "^3.8.0",
    "node_modules/@wry/caches": {
      "version": "1.0.1",
      "resolved": "https://registry.npmjs.org/@wry/caches/-/caches-1.0.1.tgz",
      "integrity": "sha512-bXuaUNLVVkD20wcGBWRyo7j9N3TxePEWFZj2Y+r9OoUzfqmavM84+mFykRicNsBqatba5JLay1t48wxaXaWnlA==",
      "license": "MIT",
      "dependencies": {
        "tslib": "^2.3.0"
      },
      "engines": {
        "node": ">=8"
      }
    },
      "version": "0.7.4",
      "resolved": "https://registry.npmjs.org/@wry/context/-/context-0.7.4.tgz",
      "integrity": "sha512-jmT7Sb4ZQWI5iyu3lobQxICu2nC/vbUhP0vIdd6tHC9PTfenmRmuIFqktc6GH9cgi+ZHnsLWPvfSvc4DrYmKiQ==",
      "version": "0.5.7",
      "resolved": "https://registry.npmjs.org/@wry/equality/-/equality-0.5.7.tgz",
      "integrity": "sha512-BRFORjsTuQv5gxcXsuDXx6oGRhuVsEGwZy6LOzRRfgu+eSfxbhUQ9L9YtSEIuIjY/o7g3iWFjrc5eSY1GXP2Dw==",
      "version": "0.5.0",
      "resolved": "https://registry.npmjs.org/@wry/trie/-/trie-0.5.0.tgz",
      "integrity": "sha512-FNoYzHawTMk/6KMQoEG5O4PuioX19UbwdQKF44yw0nLfOypfQdjtfZzo/UIJWAJ23sNIFbD1Ug9lbaDGMwbqQA==",
      "version": "18.0.1",
      "resolved": "https://registry.npmjs.org/apollo-upload-client/-/apollo-upload-client-18.0.1.tgz",
      "integrity": "sha512-OQvZg1rK05VNI79D658FUmMdoI2oB/KJKb6QGMa2Si25QXOaAvLMBFUEwJct7wf+19U8vk9ILhidBOU1ZWv6QA==",
        "extract-files": "^13.0.0"
        "node": "^18.15.0 || >=20.4.0"
        "@apollo/client": "^3.8.0",
    "node_modules/apollo-upload-client/node_modules/extract-files": {
      "version": "13.0.0",
      "resolved": "https://registry.npmjs.org/extract-files/-/extract-files-13.0.0.tgz",
      "integrity": "sha512-FXD+2Tsr8Iqtm3QZy1Zmwscca7Jx3mMC5Crr+sEP1I303Jy1CYMuYCm7hRTplFNg3XdUavErkxnTzpaqdSoi6g==",
      "license": "MIT",
      "dependencies": {
        "is-plain-obj": "^4.1.0"
      },
      "engines": {
        "node": "^14.17.0 || ^16.0.0 || >= 18.0.0"
      },
      "funding": {
        "url": "https://github.com/sponsors/jaydenseric"
      }
    },
      "dev": true,
    "node_modules/is-plain-obj": {
      "version": "4.1.0",
      "resolved": "https://registry.npmjs.org/is-plain-obj/-/is-plain-obj-4.1.0.tgz",
      "integrity": "sha512-+Pgi+vMuUNkJyExiMBt5IlFoMyKnr5zhJ4Uspz58WOhBF5QoIZkFyNHIbBAtHwzVAgk5RtndVNsDRN61/mmDqg==",
      "license": "MIT",
      "engines": {
        "node": ">=12"
      },
      "funding": {
        "url": "https://github.com/sponsors/sindresorhus"
      }
    },
      "version": "0.18.1",
      "resolved": "https://registry.npmjs.org/optimism/-/optimism-0.18.1.tgz",
      "integrity": "sha512-mLXNwWPa9dgFyDqkNi54sjDyNJ9/fTI6WGBLgnXku1vdKY/jovHfZT5r+aiVeFFLOz+foPNOm5YJ4mqgld2GBQ==",
        "@wry/caches": "^1.0.0",
        "@wry/context": "^0.7.0",
        "@wry/trie": "^0.5.0",
        "tslib": "^2.3.0"
    "node_modules/rehackt": {
      "version": "0.1.0",
      "resolved": "https://registry.npmjs.org/rehackt/-/rehackt-0.1.0.tgz",
      "integrity": "sha512-7kRDOuLHB87D/JESKxQoRwv4DzbIdwkAGQ7p6QKGdVlY1IZheUnVhlk/4UZlNUVxdAXpyxikE3URsG067ybVzw==",
      "license": "MIT",
      "peerDependencies": {
        "@types/react": "*",
        "react": "*"
      },
      "peerDependenciesMeta": {
        "@types/react": {
          "optional": true
        },
        "react": {
          "optional": true
        }
      }
    },
      "version": "0.10.3",
      "resolved": "https://registry.npmjs.org/ts-invariant/-/ts-invariant-0.10.3.tgz",
      "integrity": "sha512-uivwYcQaxAucv1CzRp2n/QdYPo4ILf9VXgH19zEIjFx2EJufV16P0JtJVpYHy89DItG6Kwj2oIUjrcK5au+4tQ==",
      "resolved": "https://registry.npmjs.org/zen-observable/-/zen-observable-0.8.15.tgz",
      "integrity": "sha512-PQ2PC7R9rslx84ndNBZB/Dkv8V8fZEpk83RLgXtYd0fwUgEjseMn1Dgajh2x6S8QbZAFa9p2qVCEuYZNgve0dQ==",
      "version": "1.2.5",
      "resolved": "https://registry.npmjs.org/zen-observable-ts/-/zen-observable-ts-1.2.5.tgz",
      "integrity": "sha512-QZWQekv6iB72Naeake9hS1KxHlotfRpe+WGNbNx5/ta+R3DNjVO2bswf63gXlWDcs+EMd7XY8HfVQyP1X6T4Zg==",
      "version": "3.13.9",
      "resolved": "https://registry.npmjs.org/@apollo/client/-/client-3.13.9.tgz",
      "integrity": "sha512-RStSzQfL1XwL6/NWd7W8avhGQYTgPCtJ+qHkkTTSj9Upp3VVm6Oppv81YWdXG1FgEpDPW4hvCrTUELdcC4inCQ==",
      "requires": {
        "@graphql-typed-document-node/core": "^3.1.1",
        "@wry/caches": "^1.0.0",
        "@wry/equality": "^0.5.6",
        "@wry/trie": "^0.5.0",
        "graphql-tag": "^2.12.6",
        "optimism": "^0.18.0",
        "rehackt": "^0.1.0",
        "ts-invariant": "^0.10.3",
        "zen-observable-ts": "^1.2.5"
      "version": "18.0.0",
      "resolved": "https://registry.npmjs.org/@types/apollo-upload-client/-/apollo-upload-client-18.0.0.tgz",
      "integrity": "sha512-cMgITNemktxasqvp6jiPj15dv84n3FTMvMoYBP1+xonDS+0l6JygIJrj2LJh85rShRzTOOkrElrAsCXXARa3KA==",
        "@apollo/client": "^3.8.0",
    "@wry/caches": {
      "version": "1.0.1",
      "resolved": "https://registry.npmjs.org/@wry/caches/-/caches-1.0.1.tgz",
      "integrity": "sha512-bXuaUNLVVkD20wcGBWRyo7j9N3TxePEWFZj2Y+r9OoUzfqmavM84+mFykRicNsBqatba5JLay1t48wxaXaWnlA==",
      "requires": {
        "tslib": "^2.3.0"
      }
    },
      "version": "0.7.4",
      "resolved": "https://registry.npmjs.org/@wry/context/-/context-0.7.4.tgz",
      "integrity": "sha512-jmT7Sb4ZQWI5iyu3lobQxICu2nC/vbUhP0vIdd6tHC9PTfenmRmuIFqktc6GH9cgi+ZHnsLWPvfSvc4DrYmKiQ==",
      "version": "0.5.7",
      "resolved": "https://registry.npmjs.org/@wry/equality/-/equality-0.5.7.tgz",
      "integrity": "sha512-BRFORjsTuQv5gxcXsuDXx6oGRhuVsEGwZy6LOzRRfgu+eSfxbhUQ9L9YtSEIuIjY/o7g3iWFjrc5eSY1GXP2Dw==",
      "version": "0.5.0",
      "resolved": "https://registry.npmjs.org/@wry/trie/-/trie-0.5.0.tgz",
      "integrity": "sha512-FNoYzHawTMk/6KMQoEG5O4PuioX19UbwdQKF44yw0nLfOypfQdjtfZzo/UIJWAJ23sNIFbD1Ug9lbaDGMwbqQA==",
      "version": "18.0.1",
      "resolved": "https://registry.npmjs.org/apollo-upload-client/-/apollo-upload-client-18.0.1.tgz",
      "integrity": "sha512-OQvZg1rK05VNI79D658FUmMdoI2oB/KJKb6QGMa2Si25QXOaAvLMBFUEwJct7wf+19U8vk9ILhidBOU1ZWv6QA==",
        "extract-files": "^13.0.0"
      },
      "dependencies": {
        "extract-files": {
          "version": "13.0.0",
          "resolved": "https://registry.npmjs.org/extract-files/-/extract-files-13.0.0.tgz",
          "integrity": "sha512-FXD+2Tsr8Iqtm3QZy1Zmwscca7Jx3mMC5Crr+sEP1I303Jy1CYMuYCm7hRTplFNg3XdUavErkxnTzpaqdSoi6g==",
          "requires": {
            "is-plain-obj": "^4.1.0"
          }
        }
      "version": "11.0.0",
      "dev": true
    "is-plain-obj": {
      "version": "4.1.0",
      "resolved": "https://registry.npmjs.org/is-plain-obj/-/is-plain-obj-4.1.0.tgz",
      "integrity": "sha512-+Pgi+vMuUNkJyExiMBt5IlFoMyKnr5zhJ4Uspz58WOhBF5QoIZkFyNHIbBAtHwzVAgk5RtndVNsDRN61/mmDqg=="
    },
      "version": "0.18.1",
      "resolved": "https://registry.npmjs.org/optimism/-/optimism-0.18.1.tgz",
      "integrity": "sha512-mLXNwWPa9dgFyDqkNi54sjDyNJ9/fTI6WGBLgnXku1vdKY/jovHfZT5r+aiVeFFLOz+foPNOm5YJ4mqgld2GBQ==",
        "@wry/caches": "^1.0.0",
        "@wry/context": "^0.7.0",
        "@wry/trie": "^0.5.0",
        "tslib": "^2.3.0"
    "rehackt": {
      "version": "0.1.0",
      "resolved": "https://registry.npmjs.org/rehackt/-/rehackt-0.1.0.tgz",
      "integrity": "sha512-7kRDOuLHB87D/JESKxQoRwv4DzbIdwkAGQ7p6QKGdVlY1IZheUnVhlk/4UZlNUVxdAXpyxikE3URsG067ybVzw=="
    },
      "version": "0.10.3",
      "resolved": "https://registry.npmjs.org/ts-invariant/-/ts-invariant-0.10.3.tgz",
      "integrity": "sha512-uivwYcQaxAucv1CzRp2n/QdYPo4ILf9VXgH19zEIjFx2EJufV16P0JtJVpYHy89DItG6Kwj2oIUjrcK5au+4tQ==",
      "version": "0.8.15",
      "resolved": "https://registry.npmjs.org/zen-observable/-/zen-observable-0.8.15.tgz",
      "integrity": "sha512-PQ2PC7R9rslx84ndNBZB/Dkv8V8fZEpk83RLgXtYd0fwUgEjseMn1Dgajh2x6S8QbZAFa9p2qVCEuYZNgve0dQ=="
      "version": "1.2.5",
      "resolved": "https://registry.npmjs.org/zen-observable-ts/-/zen-observable-ts-1.2.5.tgz",
      "integrity": "sha512-QZWQekv6iB72Naeake9hS1KxHlotfRpe+WGNbNx5/ta+R3DNjVO2bswf63gXlWDcs+EMd7XY8HfVQyP1X6T4Zg==",
